
Microsoft Visual Studio Solution File, Format Version 12.00
# Visual Studio Version 17
VisualStudioVersion = 17.14.36310.24 d17.14
MinimumVisualStudioVersion = 10.0.40219.1
Project("{FAE04EC0-301F-11D3-BF4B-00C04F79EFBC}") = "AbstractEx1", "AbstractEx1\AbstractEx1.csproj", "{9F416532-BC39-4C39-A9D4-6DB21C8365EC}"
EndProject
Global
	GlobalSection(SolutionConfigurationPlatforms) = preSolution
		Debug|Any CPU = Debug|Any CPU
		Release|Any CPU = Release|Any CPU
	EndGlobalSection
	GlobalSection(ProjectConfigurationPlatforms) = postSolution
		{9F416532-BC39-4C39-A9D4-6DB21C8365EC}.Debug|Any CPU.ActiveCfg = Debug|Any CPU
		{9F416532-BC39-4C39-A9D4-6DB21C8365EC}.Debug|Any CPU.Build.0 = Debug|Any CPU
		{9F416532-BC39-4C39-A9D4-6DB21C8365EC}.Release|Any CPU.ActiveCfg = Release|Any CPU
		{9F416532-BC39-4C39-A9D4-6DB21C8365EC}.Release|Any CPU.Build.0 = Release|Any CPU
	EndGlobalSection
	GlobalSection(SolutionProperties) = preSolution
		HideSolutionNode = FALSE
	EndGlobalSection
	GlobalSection(ExtensibilityGlobals) = postSolution
		SolutionGuid = {17DCCE97-D892-4E16-B279-0A542BA221E8}
	EndGlobalSection
EndGlobal
